
Microsoft Visual Studio Solution File, Format Version 12.00
# Visual Studio Version 17
VisualStudioVersion = 17.14.36203.30
MinimumVisualStudioVersion = 10.0.40219.1
Project("{FAE04EC0-301F-11D3-BF4B-00C04F79EFBC}") = "Core", "Core\Core.csproj", "{5ED06CAD-956C-C94D-BC0C-E89E30A887C2}"
EndProject
Project("{FAE04EC0-301F-11D3-BF4B-00C04F79EFBC}") = "Services", "Application\Services.csproj", "{F80C4E72-27A0-12B5-0634-DD5C11CFB0C1}"
EndProject
Project("{FAE04EC0-301F-11D3-BF4B-00C04F79EFBC}") = "DataPipeline", "DataPipeline\DataPipeline.csproj", "{5D997612-6923-4929-AFFF-F50905C31697}"
EndProject
Project("{FAE04EC0-301F-11D3-BF4B-00C04F79EFBC}") = "Infrastructure", "Infrastructure\Infrastructure.csproj", "{2ADAFDE4-F6AD-46CC-A7B6-E6C76846DABB}"
EndProject
Project("{FAE04EC0-301F-11D3-BF4B-00C04F79EFBC}") = "ConsoleApp", "ConsoleApp\ConsoleApp.csproj", "{624CCE4E-2BB3-4284-AEB7-2BF8C4A5BC72}"
EndProject
Project("{FAE04EC0-301F-11D3-BF4B-00C04F79EFBC}") = "Tests", "Tests\Tests.csproj", "{1AE8705C-DA5E-4B04-87C0-7DC672BB9A9F}"
EndProject
Global
	GlobalSection(SolutionConfigurationPlatforms) = preSolution
		Debug|Any CPU = Debug|Any CPU
		Release|Any CPU = Release|Any CPU
	EndGlobalSection
	GlobalSection(ProjectConfigurationPlatforms) = postSolution
		{5ED06CAD-956C-C94D-BC0C-E89E30A887C2}.Debug|Any CPU.ActiveCfg = Debug|Any CPU
		{5ED06CAD-956C-C94D-BC0C-E89E30A887C2}.Debug|Any CPU.Build.0 = Debug|Any CPU
		{5ED06CAD-956C-C94D-BC0C-E89E30A887C2}.Release|Any CPU.ActiveCfg = Release|Any CPU
		{5ED06CAD-956C-C94D-BC0C-E89E30A887C2}.Release|Any CPU.Build.0 = Release|Any CPU
		{F80C4E72-27A0-12B5-0634-DD5C11CFB0C1}.Debug|Any CPU.ActiveCfg = Debug|Any CPU
		{F80C4E72-27A0-12B5-0634-DD5C11CFB0C1}.Debug|Any CPU.Build.0 = Debug|Any CPU
		{F80C4E72-27A0-12B5-0634-DD5C11CFB0C1}.Release|Any CPU.ActiveCfg = Release|Any CPU
		{F80C4E72-27A0-12B5-0634-DD5C11CFB0C1}.Release|Any CPU.Build.0 = Release|Any CPU
		{5D997612-6923-4929-AFFF-F50905C31697}.Debug|Any CPU.ActiveCfg = Debug|Any CPU
		{5D997612-6923-4929-AFFF-F50905C31697}.Debug|Any CPU.Build.0 = Debug|Any CPU
		{5D997612-6923-4929-AFFF-F50905C31697}.Release|Any CPU.ActiveCfg = Release|Any CPU
		{5D997612-6923-4929-AFFF-F50905C31697}.Release|Any CPU.Build.0 = Release|Any CPU
		{2ADAFDE4-F6AD-46CC-A7B6-E6C76846DABB}.Debug|Any CPU.ActiveCfg = Debug|Any CPU
		{2ADAFDE4-F6AD-46CC-A7B6-E6C76846DABB}.Debug|Any CPU.Build.0 = Debug|Any CPU
		{2ADAFDE4-F6AD-46CC-A7B6-E6C76846DABB}.Release|Any CPU.ActiveCfg = Release|Any CPU
		{2ADAFDE4-F6AD-46CC-A7B6-E6C76846DABB}.Release|Any CPU.Build.0 = Release|Any CPU
		{624CCE4E-2BB3-4284-AEB7-2BF8C4A5BC72}.Debug|Any CPU.ActiveCfg = Debug|Any CPU
		{624CCE4E-2BB3-4284-AEB7-2BF8C4A5BC72}.Debug|Any CPU.Build.0 = Debug|Any CPU
		{624CCE4E-2BB3-4284-AEB7-2BF8C4A5BC72}.Release|Any CPU.ActiveCfg = Release|Any CPU
		{624CCE4E-2BB3-4284-AEB7-2BF8C4A5BC72}.Release|Any CPU.Build.0 = Release|Any CPU
		{1AE8705C-DA5E-4B04-87C0-7DC672BB9A9F}.Debug|Any CPU.ActiveCfg = Debug|Any CPU
		{1AE8705C-DA5E-4B04-87C0-7DC672BB9A9F}.Debug|Any CPU.Build.0 = Debug|Any CPU
		{1AE8705C-DA5E-4B04-87C0-7DC672BB9A9F}.Release|Any CPU.ActiveCfg = Release|Any CPU
		{1AE8705C-DA5E-4B04-87C0-7DC672BB9A9F}.Release|Any CPU.Build.0 = Release|Any CPU
	EndGlobalSection
	GlobalSection(SolutionProperties) = preSolution
		HideSolutionNode = FALSE
	EndGlobalSection
	GlobalSection(ExtensibilityGlobals) = postSolution
		SolutionGuid = {F612F7FF-645D-4CAB-8BF9-401FED37F79A}
	EndGlobalSection
EndGlobal
